<?xml version="1.0" encoding="utf-8"?>
<Project ToolsVersion="4.0" xmlns="http://schemas.microsoft.com/developer/msbuild/2003">
  <ItemGroup>
    <ClCompile Include="Main.cpp" />
    <ClCompile Include="stdafx.cpp" />
    <ClCompile Include="GridDemo.cpp">
      <Filter>Vertex</Filter>
    </ClCompile>
    <ClCompile Include="IndexDemo.cpp">
      <Filter>Vertex</Filter>
    </ClCompile>
    <ClCompile Include="RectDemo.cpp">
      <Filter>Vertex</Filter>
    </ClCompile>
    <ClCompile Include="VertexDemo.cpp">
      <Filter>Vertex</Filter>
    </ClCompile>
    <ClCompile Include="WorldDemo.cpp">
      <Filter>Vertex</Filter>
    </ClCompile>
    <ClCompile Include="MeshDemo.cpp">
      <Filter>Mesh</Filter>
    </ClCompile>
    <ClCompile Include="TextureDemo.cpp">
      <Filter>Vertex</Filter>
    </ClCompile>
    <ClCompile Include="GetHeightDemo.cpp">
      <Filter>Terrain</Filter>
    </ClCompile>
    <ClCompile Include="VerticalPickDemo.cpp">
      <Filter>Terrain</Filter>
    </ClCompile>
    <ClCompile Include="ProjectionDemo.cpp">
      <Filter>Terrain</Filter>
    </ClCompile>
    <ClCompile Include="RaycastDemo.cpp">
      <Filter>Terrain</Filter>
    </ClCompile>
    <ClCompile Include="FrameworkDemo.cpp">
      <Filter>Mesh</Filter>
    </ClCompile>
    <ClCompile Include="SkyCubeDemo.cpp">
      <Filter>Environment</Filter>
    </ClCompile>
    <ClCompile Include="TerrainDemo.cpp">
      <Filter>Environment</Filter>
    </ClCompile>
    <ClCompile Include="TerrainBrushDemo.cpp">
      <Filter>Terrain</Filter>
    </ClCompile>
    <ClCompile Include="TerrainLineDemo.cpp">
      <Filter>Terrain</Filter>
    </ClCompile>
    <ClCompile Include="TerrainSplattingDemo.cpp">
      <Filter>Terrain</Filter>
    </ClCompile>
    <ClCompile Include="ColliderDemo.cpp">
      <Filter>Objects</Filter>
    </ClCompile>
    <ClCompile Include="CpuBillboardDemo.cpp">
      <Filter>Environment</Filter>
    </ClCompile>
    <ClCompile Include="WeatherDemo.cpp">
      <Filter>Environment</Filter>
    </ClCompile>
    <ClCompile Include="GeometryBillboardDemo.cpp">
      <Filter>Environment</Filter>
    </ClCompile>
    <ClCompile Include="InstancingDemo.cpp">
      <Filter>Instancing</Filter>
    </ClCompile>
    <ClCompile Include="InstanceFrameworkDemo.cpp">
      <Filter>Instancing</Filter>
    </ClCompile>
    <ClCompile Include="ThreadDemo.cpp">
      <Filter>Threading</Filter>
    </ClCompile>
    <ClCompile Include="ByteAddressDemo.cpp">
      <Filter>Threading</Filter>
    </ClCompile>
    <ClCompile Include="InstanceColliderDemo.cpp">
      <Filter>Instancing</Filter>
    </ClCompile>
    <ClCompile Include="SpecularDemo.cpp">
      <Filter>Lighting</Filter>
    </ClCompile>
    <ClCompile Include="NormalMapDemo.cpp">
      <Filter>Lighting</Filter>
    </ClCompile>
    <ClCompile Include="LightingDemo.cpp">
      <Filter>Lighting</Filter>
    </ClCompile>
    <ClCompile Include="RtvDemo.cpp">
      <Filter>RenderTarget</Filter>
    </ClCompile>
    <ClCompile Include="MrtDemo.cpp">
      <Filter>RenderTarget</Filter>
    </ClCompile>
    <ClCompile Include="ViewportDemo.cpp">
      <Filter>RenderTarget</Filter>
    </ClCompile>
    <ClCompile Include="ProjectorDemo.cpp">
      <Filter>Lighting</Filter>
    </ClCompile>
    <ClCompile Include="ShadowDemo.cpp">
      <Filter>Lighting</Filter>
    </ClCompile>
    <ClCompile Include="DynamicCubeMapDemo.cpp">
      <Filter>Objects</Filter>
    </ClCompile>
    <ClCompile Include="TessTriangleDemo.cpp">
      <Filter>Tessellation</Filter>
    </ClCompile>
    <ClCompile Include="TessQuadDemo.cpp">
      <Filter>Tessellation</Filter>
    </ClCompile>
    <ClCompile Include="TessDistanceDemo.cpp">
      <Filter>Tessellation</Filter>
    </ClCompile>
    <ClCompile Include="DefferedDemo.cpp">
      <Filter>Deffered</Filter>
    </ClCompile>
    <ClCompile Include="FrustumDemo.cpp">
      <Filter>Objects</Filter>
    </ClCompile>
    <ClCompile Include="DefferedPointLightsDemo.cpp">
      <Filter>Deffered</Filter>
    </ClCompile>
    <ClCompile Include="DefferedPointLightArrayDemo.cpp">
      <Filter>Deffered</Filter>
    </ClCompile>
    <ClCompile Include="DefferedSpotLightsDemo.cpp">
      <Filter>Deffered</Filter>
    </ClCompile>
    <ClCompile Include="DefferedShadowDemo.cpp">
      <Filter>Deffered</Filter>
    </ClCompile>
    <ClCompile Include="ScatteringDemo.cpp">
      <Filter>Environment</Filter>
    </ClCompile>
    <ClCompile Include="WaterDemo.cpp">
      <Filter>Environment</Filter>
    </ClCompile>
    <ClCompile Include="TerrainLodDemo.cpp">
      <Filter>Environment</Filter>
    </ClCompile>
    <ClCompile Include="Sight.cpp">
      <Filter>RenderTarget</Filter>
    </ClCompile>
  </ItemGroup>
  <ItemGroup>
    <ClInclude Include="Main.h" />
    <ClInclude Include="stdafx.h" />
    <ClInclude Include="GridDemo.h">
      <Filter>Vertex</Filter>
    </ClInclude>
    <ClInclude Include="IndexDemo.h">
      <Filter>Vertex</Filter>
    </ClInclude>
    <ClInclude Include="RectDemo.h">
      <Filter>Vertex</Filter>
    </ClInclude>
    <ClInclude Include="VertexDemo.h">
      <Filter>Vertex</Filter>
    </ClInclude>
    <ClInclude Include="WorldDemo.h">
      <Filter>Vertex</Filter>
    </ClInclude>
    <ClInclude Include="MeshDemo.h">
      <Filter>Mesh</Filter>
    </ClInclude>
    <ClInclude Include="TextureDemo.h">
      <Filter>Vertex</Filter>
    </ClInclude>
    <ClInclude Include="GetHeightDemo.h">
      <Filter>Terrain</Filter>
    </ClInclude>
    <ClInclude Include="VerticalPickDemo.h">
      <Filter>Terrain</Filter>
    </ClInclude>
    <ClInclude Include="ProjectionDemo.h">
      <Filter>Terrain</Filter>
    </ClInclude>
    <ClInclude Include="RaycastDemo.h">
      <Filter>Terrain</Filter>
    </ClInclude>
    <ClInclude Include="FrameworkDemo.h">
      <Filter>Mesh</Filter>
    </ClInclude>
    <ClInclude Include="SkyCubeDemo.h">
      <Filter>Environment</Filter>
    </ClInclude>
    <ClInclude Include="TerrainDemo.h">
      <Filter>Environment</Filter>
    </ClInclude>
    <ClInclude Include="TerrainBrushDemo.h">
      <Filter>Terrain</Filter>
    </ClInclude>
    <ClInclude Include="TerrainLineDemo.h">
      <Filter>Terrain</Filter>
    </ClInclude>
    <ClInclude Include="TerrainSplattingDemo.h">
      <Filter>Terrain</Filter>
    </ClInclude>
    <ClInclude Include="ColliderDemo.h">
      <Filter>Objects</Filter>
    </ClInclude>
    <ClInclude Include="CpuBillboardDemo.h">
      <Filter>Environment</Filter>
    </ClInclude>
    <ClInclude Include="WeatherDemo.h">
      <Filter>Environment</Filter>
    </ClInclude>
    <ClInclude Include="GeometryBillboardDemo.h">
      <Filter>Environment</Filter>
    </ClInclude>
    <ClInclude Include="InstancingDemo.h">
      <Filter>Instancing</Filter>
    </ClInclude>
    <ClInclude Include="InstanceFrameworkDemo.h">
      <Filter>Instancing</Filter>
    </ClInclude>
    <ClInclude Include="ThreadDemo.h">
      <Filter>Threading</Filter>
    </ClInclude>
    <ClInclude Include="ByteAddressDemo.h">
      <Filter>Threading</Filter>
    </ClInclude>
    <ClInclude Include="InstanceColliderDemo.h">
      <Filter>Instancing</Filter>
    </ClInclude>
    <ClInclude Include="SpecularDemo.h">
      <Filter>Lighting</Filter>
    </ClInclude>
    <ClInclude Include="NormalMapDemo.h">
      <Filter>Lighting</Filter>
    </ClInclude>
    <ClInclude Include="LightingDemo.h">
      <Filter>Lighting</Filter>
    </ClInclude>
    <ClInclude Include="RtvDemo.h">
      <Filter>RenderTarget</Filter>
    </ClInclude>
    <ClInclude Include="MrtDemo.h">
      <Filter>RenderTarget</Filter>
    </ClInclude>
    <ClInclude Include="ViewportDemo.h">
      <Filter>RenderTarget</Filter>
    </ClInclude>
    <ClInclude Include="ProjectorDemo.h">
      <Filter>Lighting</Filter>
    </ClInclude>
    <ClInclude Include="ShadowDemo.h">
      <Filter>Lighting</Filter>
    </ClInclude>
    <ClInclude Include="DynamicCubeMapDemo.h">
      <Filter>Objects</Filter>
    </ClInclude>
    <ClInclude Include="DefferedDemo.h">
      <Filter>Deffered</Filter>
    </ClInclude>
    <ClInclude Include="TessTriangleDemo.h">
      <Filter>Tessellation</Filter>
    </ClInclude>
    <ClInclude Include="TessQuadDemo.h">
      <Filter>Tessellation</Filter>
    </ClInclude>
    <ClInclude Include="TessDistanceDemo.h">
      <Filter>Tessellation</Filter>
    </ClInclude>
    <ClInclude Include="FrustumDemo.h">
      <Filter>Objects</Filter>
    </ClInclude>
    <ClInclude Include="DefferedPointLightsDemo.h">
      <Filter>Deffered</Filter>
    </ClInclude>
    <ClInclude Include="DefferedPointLightArrayDemo.h">
      <Filter>Deffered</Filter>
    </ClInclude>
    <ClInclude Include="DefferedSpotLightsDemo.h">
      <Filter>Deffered</Filter>
    </ClInclude>
    <ClInclude Include="DefferedShadowDemo.h">
      <Filter>Deffered</Filter>
    </ClInclude>
    <ClInclude Include="ScatteringDemo.h">
      <Filter>Environment</Filter>
    </ClInclude>
    <ClInclude Include="WaterDemo.h">
      <Filter>Environment</Filter>
    </ClInclude>
    <ClInclude Include="TerrainLodDemo.h">
      <Filter>Environment</Filter>
    </ClInclude>
    <ClInclude Include="Sight.h">
      <Filter>RenderTarget</Filter>
    </ClInclude>
  </ItemGroup>
  <ItemGroup>
    <Filter Include="Vertex">
      <UniqueIdentifier>{f0c1e211-8713-497a-be64-d4232431f48f}</UniqueIdentifier>
    </Filter>
    <Filter Include="Terrain">
      <UniqueIdentifier>{ea897e08-3560-40e1-ade1-17d79704af40}</UniqueIdentifier>
    </Filter>
    <Filter Include="Mesh">
      <UniqueIdentifier>{04ffb852-2c12-4399-ace7-970fc1852ea0}</UniqueIdentifier>
    </Filter>
    <Filter Include="Environment">
      <UniqueIdentifier>{652ee9e9-8bf5-4089-9567-bc447b32abd5}</UniqueIdentifier>
    </Filter>
    <Filter Include="Objects">
      <UniqueIdentifier>{b80872bf-4435-466e-b334-d3518ae10d9a}</UniqueIdentifier>
    </Filter>
    <Filter Include="Instancing">
      <UniqueIdentifier>{59c5e62d-5cd4-46df-b356-eaaf6b7c3918}</UniqueIdentifier>
    </Filter>
    <Filter Include="Threading">
      <UniqueIdentifier>{7bbb6d25-528e-4633-8ff0-2b8973eb245f}</UniqueIdentifier>
    </Filter>
    <Filter Include="Lighting">
      <UniqueIdentifier>{b5d33114-7e9c-489a-8e84-fb20556ceb26}</UniqueIdentifier>
    </Filter>
    <Filter Include="RenderTarget">
      <UniqueIdentifier>{95996b7e-cfc3-440b-b487-ac4ba8e8a887}</UniqueIdentifier>
    </Filter>
    <Filter Include="Deffered">
      <UniqueIdentifier>{2149bd4b-0dbb-4f5e-bf81-e4ea05634aae}</UniqueIdentifier>
    </Filter>
    <Filter Include="Tessellation">
      <UniqueIdentifier>{fa12829a-e743-45db-8f29-34b41b751f7f}</UniqueIdentifier>
    </Filter>
  </ItemGroup>
</Project>